
Microsoft Visual Studio Solution File, Format Version 12.00
# Visual Studio Version 17
VisualStudioVersion = 17.0.31903.59
MinimumVisualStudioVersion = 10.0.40219.1
Project("{FAE04EC0-301F-11D3-BF4B-00C04F79EFBC}") = "SolidPrinciples", "SolidPrinciples\SolidPrinciples.csproj", "{BC0B3C79-B696-48F5-8E70-B19A04EA06BF}"
EndProject
Global
	GlobalSection(SolutionConfigurationPlatforms) = preSolution
		Debug|Any CPU = Debug|Any CPU
		Release|Any CPU = Release|Any CPU
	EndGlobalSection
	GlobalSection(SolutionProperties) = preSolution
		HideSolutionNode = FALSE
	EndGlobalSection
	GlobalSection(ProjectConfigurationPlatforms) = postSolution
		{BC0B3C79-B696-48F5-8E70-B19A04EA06BF}.Debug|Any CPU.ActiveCfg = Debug|Any CPU
		{BC0B3C79-B696-48F5-8E70-B19A04EA06BF}.Debug|Any CPU.Build.0 = Debug|Any CPU
		{BC0B3C79-B696-48F5-8E70-B19A04EA06BF}.Release|Any CPU.ActiveCfg = Release|Any CPU
		{BC0B3C79-B696-48F5-8E70-B19A04EA06BF}.Release|Any CPU.Build.0 = Release|Any CPU
	EndGlobalSection
EndGlobal
